
Microsoft Visual Studio Solution File, Format Version 12.00
# Visual Studio Version 17
VisualStudioVersion = 17.4.33213.308
MinimumVisualStudioVersion = 10.0.40219.1
Project("{FAE04EC0-301F-11D3-BF4B-00C04F79EFBC}") = "DavidAndino", "DavidAndino\DavidAndino.csproj", "{3D090F58-7434-445C-A37B-B1528042DBC6}"
EndProject
Global
	GlobalSection(SolutionConfigurationPlatforms) = preSolution
		Debug|Any CPU = Debug|Any CPU
		Release|Any CPU = Release|Any CPU
	EndGlobalSection
	GlobalSection(ProjectConfigurationPlatforms) = postSolution
		{3D090F58-7434-445C-A37B-B1528042DBC6}.Debug|Any CPU.ActiveCfg = Debug|Any CPU
		{3D090F58-7434-445C-A37B-B1528042DBC6}.Debug|Any CPU.Build.0 = Debug|Any CPU
		{3D090F58-7434-445C-A37B-B1528042DBC6}.Release|Any CPU.ActiveCfg = Release|Any CPU
		{3D090F58-7434-445C-A37B-B1528042DBC6}.Release|Any CPU.Build.0 = Release|Any CPU
	EndGlobalSection
	GlobalSection(SolutionProperties) = preSolution
		HideSolutionNode = FALSE
	EndGlobalSection
	GlobalSection(ExtensibilityGlobals) = postSolution
		SolutionGuid = {D345EF4E-950A-448D-BBD9-F24771350CE6}
	EndGlobalSection
EndGlobal
